{
  "name": "notes-app",
  "lockfileVersion": 3,
  "requires": true,
  "packages": {
    "": {
      "name": "notes-app",
      "dependencies": {
        "@appbase/db": "file:../../sdks/db"
      }
    },
    "../../sdks/db": {
      "name": "@appbase/db",
      "version": "0.1.0",
      "license": "MIT",
      "devDependencies": {
        "tsx": "^4.0.0",
        "typescript": "^5.0.0"
      }
    },
    "node_modules/@appbase/db": {
      "resolved": "../../sdks/db",
      "link": true
    }
  }
}
